
Microsoft Visual Studio Solution File, Format Version 12.00
# Visual Studio Version 17
VisualStudioVersion = 17.0.31903.59
MinimumVisualStudioVersion = 10.0.40219.1
Project("{9A19103F-16F7-4668-BE54-9A1E7A4F7556}") = "RSSReader.WPF", "Client\RSSReader.WPF\RSSReader.WPF.csproj", "{AD14393A-A2F5-40CE-98D6-924775A33306}"
EndProject
Project("{2150E333-8FDC-42A3-9474-1A3956D46DE8}") = "Client", "Client", "{43CA28B1-965C-4AE6-B559-5726A9BEC1AB}"
EndProject
Project("{2150E333-8FDC-42A3-9474-1A3956D46DE8}") = "Server", "Server", "{28E59431-D51E-4263-A172-5E264E7922F7}"
EndProject
Project("{2150E333-8FDC-42A3-9474-1A3956D46DE8}") = "API", "API", "{C4E55BE4-4A6A-4F58-A5D2-FF3D67C14222}"
EndProject
Project("{2150E333-8FDC-42A3-9474-1A3956D46DE8}") = "Data", "Data", "{84432F90-1ED4-4DDC-9683-3EEF08A7F2CE}"
EndProject
Project("{2150E333-8FDC-42A3-9474-1A3956D46DE8}") = "RSS", "RSS", "{A96FC7B1-BF16-4221-B8F1-E9592D75ED6C}"
EndProject
Project("{9A19103F-16F7-4668-BE54-9A1E7A4F7556}") = "RSSReader.API", "Server\API\RSSReader.API\RSSReader.API.csproj", "{F4684CA1-3C7A-475D-A51B-3382FD35DA59}"
EndProject
Project("{9A19103F-16F7-4668-BE54-9A1E7A4F7556}") = "RSSReader.API.Client", "Server\API\RSSReader.API.Client\RSSReader.API.Client.csproj", "{D9107DC6-42A7-441E-9675-4F0ED8F58187}"
EndProject
Project("{9A19103F-16F7-4668-BE54-9A1E7A4F7556}") = "RSSReader.API.Contract", "Server\API\RSSReader.API.Contract\RSSReader.API.Contract.csproj", "{87A95900-BC56-48C2-8014-0ED67F602342}"
EndProject
Project("{9A19103F-16F7-4668-BE54-9A1E7A4F7556}") = "RSSReader.Data.API", "Server\Data\RSSReader.Data.API\RSSReader.Data.API.csproj", "{F3D3FD11-A87E-4736-8D44-9C80EFF68925}"
EndProject
Project("{9A19103F-16F7-4668-BE54-9A1E7A4F7556}") = "RSSReader.Data.API.Client", "Server\Data\RSSReader.Data.API.Client\RSSReader.Data.API.Client.csproj", "{1737522D-3C2C-46C1-B112-69FF9521A2F2}"
EndProject
Project("{9A19103F-16F7-4668-BE54-9A1E7A4F7556}") = "RSSReader.Data.API.Contract", "Server\Data\RSSReader.Data.API.Contract\RSSReader.Data.API.Contract.csproj", "{63D94F16-1747-4411-940D-D2B0A754D335}"
EndProject
Project("{9A19103F-16F7-4668-BE54-9A1E7A4F7556}") = "RSSReader.Data.SQL", "Server\Data\RSSReader.Data.SQL\RSSReader.Data.SQL.csproj", "{80930864-DC90-4E05-BA75-F8D1F1097D1F}"
EndProject
Project("{9A19103F-16F7-4668-BE54-9A1E7A4F7556}") = "RSSReader.RSS.API", "Server\RSS\RSSReader.RSS.API\RSSReader.RSS.API.csproj", "{DB5378EB-04DF-40BA-B730-7718EAB6F9E4}"
EndProject
Project("{9A19103F-16F7-4668-BE54-9A1E7A4F7556}") = "RSSReader.RSS.API.Client", "Server\RSS\RSSReader.RSS.API.Client\RSSReader.RSS.API.Client.csproj", "{949CDB7E-66DE-4029-9176-06A9C90A747F}"
EndProject
Project("{9A19103F-16F7-4668-BE54-9A1E7A4F7556}") = "RSSReader.RSS.API.Contract", "Server\RSS\RSSReader.RSS.API.Contract\RSSReader.RSS.API.Contract.csproj", "{EC4D5457-C31A-4108-AAEB-CB726EEEA54D}"
EndProject
Global
	GlobalSection(SolutionConfigurationPlatforms) = preSolution
		Debug|Any CPU = Debug|Any CPU
		Release|Any CPU = Release|Any CPU
	EndGlobalSection
	GlobalSection(ProjectConfigurationPlatforms) = postSolution
		{AD14393A-A2F5-40CE-98D6-924775A33306}.Debug|Any CPU.ActiveCfg = Debug|Any CPU
		{AD14393A-A2F5-40CE-98D6-924775A33306}.Debug|Any CPU.Build.0 = Debug|Any CPU
		{AD14393A-A2F5-40CE-98D6-924775A33306}.Release|Any CPU.ActiveCfg = Release|Any CPU
		{AD14393A-A2F5-40CE-98D6-924775A33306}.Release|Any CPU.Build.0 = Release|Any CPU
		{F4684CA1-3C7A-475D-A51B-3382FD35DA59}.Debug|Any CPU.ActiveCfg = Debug|Any CPU
		{F4684CA1-3C7A-475D-A51B-3382FD35DA59}.Debug|Any CPU.Build.0 = Debug|Any CPU
		{F4684CA1-3C7A-475D-A51B-3382FD35DA59}.Release|Any CPU.ActiveCfg = Release|Any CPU
		{F4684CA1-3C7A-475D-A51B-3382FD35DA59}.Release|Any CPU.Build.0 = Release|Any CPU
		{D9107DC6-42A7-441E-9675-4F0ED8F58187}.Debug|Any CPU.ActiveCfg = Debug|Any CPU
		{D9107DC6-42A7-441E-9675-4F0ED8F58187}.Debug|Any CPU.Build.0 = Debug|Any CPU
		{D9107DC6-42A7-441E-9675-4F0ED8F58187}.Release|Any CPU.ActiveCfg = Release|Any CPU
		{D9107DC6-42A7-441E-9675-4F0ED8F58187}.Release|Any CPU.Build.0 = Release|Any CPU
		{87A95900-BC56-48C2-8014-0ED67F602342}.Debug|Any CPU.ActiveCfg = Debug|Any CPU
		{87A95900-BC56-48C2-8014-0ED67F602342}.Debug|Any CPU.Build.0 = Debug|Any CPU
		{87A95900-BC56-48C2-8014-0ED67F602342}.Release|Any CPU.ActiveCfg = Release|Any CPU
		{87A95900-BC56-48C2-8014-0ED67F602342}.Release|Any CPU.Build.0 = Release|Any CPU
		{F3D3FD11-A87E-4736-8D44-9C80EFF68925}.Debug|Any CPU.ActiveCfg = Debug|Any CPU
		{F3D3FD11-A87E-4736-8D44-9C80EFF68925}.Debug|Any CPU.Build.0 = Debug|Any CPU
		{F3D3FD11-A87E-4736-8D44-9C80EFF68925}.Release|Any CPU.ActiveCfg = Release|Any CPU
		{F3D3FD11-A87E-4736-8D44-9C80EFF68925}.Release|Any CPU.Build.0 = Release|Any CPU
		{1737522D-3C2C-46C1-B112-69FF9521A2F2}.Debug|Any CPU.ActiveCfg = Debug|Any CPU
		{1737522D-3C2C-46C1-B112-69FF9521A2F2}.Debug|Any CPU.Build.0 = Debug|Any CPU
		{1737522D-3C2C-46C1-B112-69FF9521A2F2}.Release|Any CPU.ActiveCfg = Release|Any CPU
		{1737522D-3C2C-46C1-B112-69FF9521A2F2}.Release|Any CPU.Build.0 = Release|Any CPU
		{63D94F16-1747-4411-940D-D2B0A754D335}.Debug|Any CPU.ActiveCfg = Debug|Any CPU
		{63D94F16-1747-4411-940D-D2B0A754D335}.Debug|Any CPU.Build.0 = Debug|Any CPU
		{63D94F16-1747-4411-940D-D2B0A754D335}.Release|Any CPU.ActiveCfg = Release|Any CPU
		{63D94F16-1747-4411-940D-D2B0A754D335}.Release|Any CPU.Build.0 = Release|Any CPU
		{80930864-DC90-4E05-BA75-F8D1F1097D1F}.Debug|Any CPU.ActiveCfg = Debug|Any CPU
		{80930864-DC90-4E05-BA75-F8D1F1097D1F}.Debug|Any CPU.Build.0 = Debug|Any CPU
		{80930864-DC90-4E05-BA75-F8D1F1097D1F}.Release|Any CPU.ActiveCfg = Release|Any CPU
		{80930864-DC90-4E05-BA75-F8D1F1097D1F}.Release|Any CPU.Build.0 = Release|Any CPU
		{DB5378EB-04DF-40BA-B730-7718EAB6F9E4}.Debug|Any CPU.ActiveCfg = Debug|Any CPU
		{DB5378EB-04DF-40BA-B730-7718EAB6F9E4}.Debug|Any CPU.Build.0 = Debug|Any CPU
		{DB5378EB-04DF-40BA-B730-7718EAB6F9E4}.Release|Any CPU.ActiveCfg = Release|Any CPU
		{DB5378EB-04DF-40BA-B730-7718EAB6F9E4}.Release|Any CPU.Build.0 = Release|Any CPU
		{949CDB7E-66DE-4029-9176-06A9C90A747F}.Debug|Any CPU.ActiveCfg = Debug|Any CPU
		{949CDB7E-66DE-4029-9176-06A9C90A747F}.Debug|Any CPU.Build.0 = Debug|Any CPU
		{949CDB7E-66DE-4029-9176-06A9C90A747F}.Release|Any CPU.ActiveCfg = Release|Any CPU
		{949CDB7E-66DE-4029-9176-06A9C90A747F}.Release|Any CPU.Build.0 = Release|Any CPU
		{EC4D5457-C31A-4108-AAEB-CB726EEEA54D}.Debug|Any CPU.ActiveCfg = Debug|Any CPU
		{EC4D5457-C31A-4108-AAEB-CB726EEEA54D}.Debug|Any CPU.Build.0 = Debug|Any CPU
		{EC4D5457-C31A-4108-AAEB-CB726EEEA54D}.Release|Any CPU.ActiveCfg = Release|Any CPU
		{EC4D5457-C31A-4108-AAEB-CB726EEEA54D}.Release|Any CPU.Build.0 = Release|Any CPU
	EndGlobalSection
	GlobalSection(SolutionProperties) = preSolution
		HideSolutionNode = FALSE
	EndGlobalSection
	GlobalSection(NestedProjects) = preSolution
		{AD14393A-A2F5-40CE-98D6-924775A33306} = {43CA28B1-965C-4AE6-B559-5726A9BEC1AB}
		{C4E55BE4-4A6A-4F58-A5D2-FF3D67C14222} = {28E59431-D51E-4263-A172-5E264E7922F7}
		{84432F90-1ED4-4DDC-9683-3EEF08A7F2CE} = {28E59431-D51E-4263-A172-5E264E7922F7}
		{A96FC7B1-BF16-4221-B8F1-E9592D75ED6C} = {28E59431-D51E-4263-A172-5E264E7922F7}
		{F4684CA1-3C7A-475D-A51B-3382FD35DA59} = {C4E55BE4-4A6A-4F58-A5D2-FF3D67C14222}
		{D9107DC6-42A7-441E-9675-4F0ED8F58187} = {C4E55BE4-4A6A-4F58-A5D2-FF3D67C14222}
		{87A95900-BC56-48C2-8014-0ED67F602342} = {C4E55BE4-4A6A-4F58-A5D2-FF3D67C14222}
		{F3D3FD11-A87E-4736-8D44-9C80EFF68925} = {84432F90-1ED4-4DDC-9683-3EEF08A7F2CE}
		{1737522D-3C2C-46C1-B112-69FF9521A2F2} = {84432F90-1ED4-4DDC-9683-3EEF08A7F2CE}
		{63D94F16-1747-4411-940D-D2B0A754D335} = {84432F90-1ED4-4DDC-9683-3EEF08A7F2CE}
		{80930864-DC90-4E05-BA75-F8D1F1097D1F} = {84432F90-1ED4-4DDC-9683-3EEF08A7F2CE}
		{DB5378EB-04DF-40BA-B730-7718EAB6F9E4} = {A96FC7B1-BF16-4221-B8F1-E9592D75ED6C}
		{949CDB7E-66DE-4029-9176-06A9C90A747F} = {A96FC7B1-BF16-4221-B8F1-E9592D75ED6C}
		{EC4D5457-C31A-4108-AAEB-CB726EEEA54D} = {A96FC7B1-BF16-4221-B8F1-E9592D75ED6C}
	EndGlobalSection
	GlobalSection(ExtensibilityGlobals) = postSolution
		SolutionGuid = {884C777A-9C16-469B-9283-CE2CB25EDFAD}
	EndGlobalSection
EndGlobal
